
Microsoft Visual Studio Solution File, Format Version 12.00
# Visual Studio Version 17
VisualStudioVersion = 17.0.31903.59
MinimumVisualStudioVersion = 10.0.40219.1
Project("{FAE04EC0-301F-11D3-BF4B-00C04F79EFBC}") = "ClassVsStruct", "ClassVsStruct\ClassVsStruct.csproj", "{0338441D-7451-4505-864C-59E798D721E0}"
EndProject
Project("{FAE04EC0-301F-11D3-BF4B-00C04F79EFBC}") = "StructWithRef", "StructWithRef\StructWithRef.csproj", "{64835247-B467-4F9E-BBC5-E797E9FDAD4C}"
EndProject
Project("{FAE04EC0-301F-11D3-BF4B-00C04F79EFBC}") = "MiniGame", "MiniGame\MiniGame.csproj", "{2E38BB96-6F94-47F7-B9B5-7083B2C135F6}"
EndProject
Project("{FAE04EC0-301F-11D3-BF4B-00C04F79EFBC}") = "Polimorfismo", "Polimorfismo\Polimorfismo.csproj", "{DE292636-6151-4BFF-BD61-987BB5E36CCE}"
EndProject
Project("{FAE04EC0-301F-11D3-BF4B-00C04F79EFBC}") = "GameUnits", "GameUnits\GameUnits.csproj", "{029A413B-0DDA-488B-B303-FC40BF7246E2}"
EndProject
Global
	GlobalSection(SolutionConfigurationPlatforms) = preSolution
		Debug|Any CPU = Debug|Any CPU
		Release|Any CPU = Release|Any CPU
	EndGlobalSection
	GlobalSection(SolutionProperties) = preSolution
		HideSolutionNode = FALSE
	EndGlobalSection
	GlobalSection(ProjectConfigurationPlatforms) = postSolution
		{0338441D-7451-4505-864C-59E798D721E0}.Debug|Any CPU.ActiveCfg = Debug|Any CPU
		{0338441D-7451-4505-864C-59E798D721E0}.Debug|Any CPU.Build.0 = Debug|Any CPU
		{0338441D-7451-4505-864C-59E798D721E0}.Release|Any CPU.ActiveCfg = Release|Any CPU
		{0338441D-7451-4505-864C-59E798D721E0}.Release|Any CPU.Build.0 = Release|Any CPU
		{64835247-B467-4F9E-BBC5-E797E9FDAD4C}.Debug|Any CPU.ActiveCfg = Debug|Any CPU
		{64835247-B467-4F9E-BBC5-E797E9FDAD4C}.Debug|Any CPU.Build.0 = Debug|Any CPU
		{64835247-B467-4F9E-BBC5-E797E9FDAD4C}.Release|Any CPU.ActiveCfg = Release|Any CPU
		{64835247-B467-4F9E-BBC5-E797E9FDAD4C}.Release|Any CPU.Build.0 = Release|Any CPU
		{2E38BB96-6F94-47F7-B9B5-7083B2C135F6}.Debug|Any CPU.ActiveCfg = Debug|Any CPU
		{2E38BB96-6F94-47F7-B9B5-7083B2C135F6}.Debug|Any CPU.Build.0 = Debug|Any CPU
		{2E38BB96-6F94-47F7-B9B5-7083B2C135F6}.Release|Any CPU.ActiveCfg = Release|Any CPU
		{2E38BB96-6F94-47F7-B9B5-7083B2C135F6}.Release|Any CPU.Build.0 = Release|Any CPU
		{DE292636-6151-4BFF-BD61-987BB5E36CCE}.Debug|Any CPU.ActiveCfg = Debug|Any CPU
		{DE292636-6151-4BFF-BD61-987BB5E36CCE}.Debug|Any CPU.Build.0 = Debug|Any CPU
		{DE292636-6151-4BFF-BD61-987BB5E36CCE}.Release|Any CPU.ActiveCfg = Release|Any CPU
		{DE292636-6151-4BFF-BD61-987BB5E36CCE}.Release|Any CPU.Build.0 = Release|Any CPU
		{029A413B-0DDA-488B-B303-FC40BF7246E2}.Debug|Any CPU.ActiveCfg = Debug|Any CPU
		{029A413B-0DDA-488B-B303-FC40BF7246E2}.Debug|Any CPU.Build.0 = Debug|Any CPU
		{029A413B-0DDA-488B-B303-FC40BF7246E2}.Release|Any CPU.ActiveCfg = Release|Any CPU
		{029A413B-0DDA-488B-B303-FC40BF7246E2}.Release|Any CPU.Build.0 = Release|Any CPU
	EndGlobalSection
EndGlobal
